
Microsoft Visual Studio Solution File, Format Version 12.00
# Visual Studio Version 17
VisualStudioVersion = 17.0.31903.59
MinimumVisualStudioVersion = 10.0.40219.1
Project("{9A19103F-16F7-4668-BE54-9A1E7A4F7556}") = "CSPracc", "CSPracc\CSPracc.csproj", "{F2140A03-10B1-4BFB-AC62-D742F2FD84B6}"
EndProject
Global
	GlobalSection(SolutionConfigurationPlatforms) = preSolution
		Debug|Any CPU = Debug|Any CPU
		Debug|x64 = Debug|x64
		Release|Any CPU = Release|Any CPU
		Release|x64 = Release|x64
	EndGlobalSection
	GlobalSection(ProjectConfigurationPlatforms) = postSolution
		{F2140A03-10B1-4BFB-AC62-D742F2FD84B6}.Debug|Any CPU.ActiveCfg = Debug|Any CPU
		{F2140A03-10B1-4BFB-AC62-D742F2FD84B6}.Debug|Any CPU.Build.0 = Debug|Any CPU
		{F2140A03-10B1-4BFB-AC62-D742F2FD84B6}.Debug|x64.ActiveCfg = Debug|x64
		{F2140A03-10B1-4BFB-AC62-D742F2FD84B6}.Debug|x64.Build.0 = Debug|x64
		{F2140A03-10B1-4BFB-AC62-D742F2FD84B6}.Release|Any CPU.ActiveCfg = Release|Any CPU
		{F2140A03-10B1-4BFB-AC62-D742F2FD84B6}.Release|Any CPU.Build.0 = Release|Any CPU
		{F2140A03-10B1-4BFB-AC62-D742F2FD84B6}.Release|x64.ActiveCfg = Release|x64
		{F2140A03-10B1-4BFB-AC62-D742F2FD84B6}.Release|x64.Build.0 = Release|x64
	EndGlobalSection
	GlobalSection(SolutionProperties) = preSolution
		HideSolutionNode = FALSE
	EndGlobalSection
	GlobalSection(ExtensibilityGlobals) = postSolution
		SolutionGuid = {60D0F510-5517-477A-A216-8E86342241EF}
	EndGlobalSection
EndGlobal
